// !$*UTF8*$!
{
	archiveVersion = 1;
	classes = {
	};
	objectVersion = 46;
	objects = {

/* Begin PBXBuildFile section */
		5BA973A51A42D72B000DC873 /* NBNovelBox.h in CopyFiles */ = {isa = PBXBuildFile; fileRef = 5BA973A41A42D72B000DC873 /* NBNovelBox.h */; };
		5BA973AD1A42D72B000DC873 /* libNBNovelBox.a in Frameworks */ = {isa = PBXBuildFile; fileRef = 5BA973A11A42D72B000DC873 /* libNBNovelBox.a */; };
		5BA975E41A42DA94000DC873 /* NBNovelBox.mm in Sources */ = {isa = PBXBuildFile; fileRef = 5BA975E31A42DA94000DC873 /* NBNovelBox.mm */; };
		5BA976151A42DEA9000DC873 /* NBPageViewController.mm in Sources */ = {isa = PBXBuildFile; fileRef = 5BA976051A42DEA9000DC873 /* NBPageViewController.mm */; };
		5BA976721A42DFC6000DC873 /* UIKit.framework in Frameworks */ = {isa = PBXBuildFile; fileRef = 5BA976711A42DFC6000DC873 /* UIKit.framework */; };
		5BA976751A42E070000DC873 /* ContentViewController.mm in Sources */ = {isa = PBXBuildFile; fileRef = 5BA976741A42E070000DC873 /* ContentViewController.mm */; };
		5BA976821A42E07F000DC873 /* NBBookLayoutConfig.mm in Sources */ = {isa = PBXBuildFile; fileRef = 5BA976781A42E07F000DC873 /* NBBookLayoutConfig.mm */; };
		5BA976831A42E07F000DC873 /* NBPageItem.m in Sources */ = {isa = PBXBuildFile; fileRef = 5BA9767B1A42E07F000DC873 /* NBPageItem.m */; };
		5BA976841A42E07F000DC873 /* PageSplitRender.mm in Sources */ = {isa = PBXBuildFile; fileRef = 5BA9767D1A42E07F000DC873 /* PageSplitRender.mm */; };
		5BA976851A42E07F000DC873 /* PageView.m in Sources */ = {isa = PBXBuildFile; fileRef = 5BA9767F1A42E07F000DC873 /* PageView.m */; };
		5BA976861A42E07F000DC873 /* PageViewCache.m in Sources */ = {isa = PBXBuildFile; fileRef = 5BA976811A42E07F000DC873 /* PageViewCache.m */; };
		5BA9768F1A42E20B000DC873 /* NBDataMockInterface.mm in Sources */ = {isa = PBXBuildFile; fileRef = 5BA9768C1A42E20B000DC873 /* NBDataMockInterface.mm */; };
		5BA976901A42E20B000DC873 /* NBMockChapterContent.mm in Sources */ = {isa = PBXBuildFile; fileRef = 5BA9768E1A42E20B000DC873 /* NBMockChapterContent.mm */; };
/* End PBXBuildFile section */

/* Begin PBXContainerItemProxy section */
		5BA973AE1A42D72B000DC873 /* PBXContainerItemProxy */ = {
			isa = PBXContainerItemProxy;
			containerPortal = 5BA973991A42D72B000DC873 /* Project object */;
			proxyType = 1;
			remoteGlobalIDString = 5BA973A01A42D72B000DC873;
			remoteInfo = NBNovelBox;
		};
/* End PBXContainerItemProxy section */

/* Begin PBXCopyFilesBuildPhase section */
		5BA9739F1A42D72B000DC873 /* CopyFiles */ = {
			isa = PBXCopyFilesBuildPhase;
			buildActionMask = 2147483647;
			dstPath = "include/$(PRODUCT_NAME)";
			dstSubfolderSpec = 16;
			files = (
				5BA973A51A42D72B000DC873 /* NBNovelBox.h in CopyFiles */,
			);
			runOnlyForDeploymentPostprocessing = 0;
		};
/* End PBXCopyFilesBuildPhase section */

/* Begin PBXFileReference section */
		5BA973A11A42D72B000DC873 /* libNBNovelBox.a */ = {isa = PBXFileReference; explicitFileType = archive.ar; includeInIndex = 0; path = libNBNovelBox.a; sourceTree = BUILT_PRODUCTS_DIR; };
		5BA973A41A42D72B000DC873 /* NBNovelBox.h */ = {isa = PBXFileReference; lastKnownFileType = sourcecode.c.h; path = NBNovelBox.h; sourceTree = "<group>"; };
		5BA973AC1A42D72B000DC873 /* NBNovelBoxTests.xctest */ = {isa = PBXFileReference; explicitFileType = wrapper.cfbundle; includeInIndex = 0; path = NBNovelBoxTests.xctest; sourceTree = BUILT_PRODUCTS_DIR; };
		5BA973B21A42D72B000DC873 /* Info.plist */ = {isa = PBXFileReference; lastKnownFileType = text.plist.xml; path = Info.plist; sourceTree = "<group>"; };
		5BA975E31A42DA94000DC873 /* NBNovelBox.mm */ = {isa = PBXFileReference; fileEncoding = 4; lastKnownFileType = sourcecode.cpp.objcpp; path = NBNovelBox.mm; sourceTree = "<group>"; };
		5BA976041A42DEA9000DC873 /* NBPageViewController.h */ = {isa = PBXFileReference; fileEncoding = 4; lastKnownFileType = sourcecode.c.h; path = NBPageViewController.h; sourceTree = "<group>"; };
		5BA976051A42DEA9000DC873 /* NBPageViewController.mm */ = {isa = PBXFileReference; fileEncoding = 4; lastKnownFileType = sourcecode.cpp.objcpp; path = NBPageViewController.mm; sourceTree = "<group>"; };
		5BA976711A42DFC6000DC873 /* UIKit.framework */ = {isa = PBXFileReference; lastKnownFileType = wrapper.framework; name = UIKit.framework; path = System/Library/Frameworks/UIKit.framework; sourceTree = SDKROOT; };
		5BA976731A42E070000DC873 /* ContentViewController.h */ = {isa = PBXFileReference; fileEncoding = 4; lastKnownFileType = sourcecode.c.h; path = ContentViewController.h; sourceTree = "<group>"; };
		5BA976741A42E070000DC873 /* ContentViewController.mm */ = {isa = PBXFileReference; fileEncoding = 4; lastKnownFileType = sourcecode.cpp.objcpp; path = ContentViewController.mm; sourceTree = "<group>"; };
		5BA976771A42E07F000DC873 /* NBBookLayoutConfig.h */ = {isa = PBXFileReference; fileEncoding = 4; lastKnownFileType = sourcecode.c.h; path = NBBookLayoutConfig.h; sourceTree = "<group>"; };
		5BA976781A42E07F000DC873 /* NBBookLayoutConfig.mm */ = {isa = PBXFileReference; fileEncoding = 4; lastKnownFileType = sourcecode.cpp.objcpp; path = NBBookLayoutConfig.mm; sourceTree = "<group>"; };
		5BA9767A1A42E07F000DC873 /* NBPageItem.h */ = {isa = PBXFileReference; fileEncoding = 4; lastKnownFileType = sourcecode.c.h; path = NBPageItem.h; sourceTree = "<group>"; };
		5BA9767B1A42E07F000DC873 /* NBPageItem.m */ = {isa = PBXFileReference; fileEncoding = 4; lastKnownFileType = sourcecode.c.objc; path = NBPageItem.m; sourceTree = "<group>"; };
		5BA9767C1A42E07F000DC873 /* PageSplitRender.h */ = {isa = PBXFileReference; fileEncoding = 4; lastKnownFileType = sourcecode.c.h; path = PageSplitRender.h; sourceTree = "<group>"; };
		5BA9767D1A42E07F000DC873 /* PageSplitRender.mm */ = {isa = PBXFileReference; fileEncoding = 4; lastKnownFileType = sourcecode.cpp.objcpp; path = PageSplitRender.mm; sourceTree = "<group>"; };
		5BA9767E1A42E07F000DC873 /* PageView.h */ = {isa = PBXFileReference; fileEncoding = 4; lastKnownFileType = sourcecode.c.h; path = PageView.h; sourceTree = "<group>"; };
		5BA9767F1A42E07F000DC873 /* PageView.m */ = {isa = PBXFileReference; fileEncoding = 4; lastKnownFileType = sourcecode.c.objc; path = PageView.m; sourceTree = "<group>"; };
		5BA976801A42E07F000DC873 /* PageViewCache.h */ = {isa = PBXFileReference; fileEncoding = 4; lastKnownFileType = sourcecode.c.h; path = PageViewCache.h; sourceTree = "<group>"; };
		5BA976811A42E07F000DC873 /* PageViewCache.m */ = {isa = PBXFileReference; fileEncoding = 4; lastKnownFileType = sourcecode.c.objc; path = PageViewCache.m; sourceTree = "<group>"; };
		5BA9768B1A42E20B000DC873 /* NBDataMockInterface.h */ = {isa = PBXFileReference; fileEncoding = 4; lastKnownFileType = sourcecode.c.h; path = NBDataMockInterface.h; sourceTree = "<group>"; };
		5BA9768C1A42E20B000DC873 /* NBDataMockInterface.mm */ = {isa = PBXFileReference; fileEncoding = 4; lastKnownFileType = sourcecode.cpp.objcpp; path = NBDataMockInterface.mm; sourceTree = "<group>"; };
		5BA9768D1A42E20B000DC873 /* NBMockChapterContent.h */ = {isa = PBXFileReference; fileEncoding = 4; lastKnownFileType = sourcecode.c.h; path = NBMockChapterContent.h; sourceTree = "<group>"; };
		5BA9768E1A42E20B000DC873 /* NBMockChapterContent.mm */ = {isa = PBXFileReference; fileEncoding = 4; lastKnownFileType = sourcecode.cpp.objcpp; path = NBMockChapterContent.mm; sourceTree = "<group>"; };
/* End PBXFileReference section */

/* Begin PBXFrameworksBuildPhase section */
		5BA9739E1A42D72B000DC873 /* Frameworks */ = {
			isa = PBXFrameworksBuildPhase;
			buildActionMask = 2147483647;
			files = (
				5BA976721A42DFC6000DC873 /* UIKit.framework in Frameworks */,
			);
			runOnlyForDeploymentPostprocessing = 0;
		};
		5BA973A91A42D72B000DC873 /* Frameworks */ = {
			isa = PBXFrameworksBuildPhase;
			buildActionMask = 2147483647;
			files = (
				5BA973AD1A42D72B000DC873 /* libNBNovelBox.a in Frameworks */,
			);
			runOnlyForDeploymentPostprocessing = 0;
		};
/* End PBXFrameworksBuildPhase section */

/* Begin PBXGroup section */
		5BA973981A42D72B000DC873 = {
			isa = PBXGroup;
			children = (
				5BA973A31A42D72B000DC873 /* NBNovelBox */,
				5BA973B01A42D72B000DC873 /* NBNovelBoxTests */,
				5BA9761C1A42DEF0000DC873 /* Frameworks */,
				5BA973A21A42D72B000DC873 /* Products */,
			);
			sourceTree = "<group>";
		};
		5BA973A21A42D72B000DC873 /* Products */ = {
			isa = PBXGroup;
			children = (
				5BA973A11A42D72B000DC873 /* libNBNovelBox.a */,
				5BA973AC1A42D72B000DC873 /* NBNovelBoxTests.xctest */,
			);
			name = Products;
			sourceTree = "<group>";
		};
		5BA973A31A42D72B000DC873 /* NBNovelBox */ = {
			isa = PBXGroup;
			children = (
				5BA973A41A42D72B000DC873 /* NBNovelBox.h */,
				5BA975E31A42DA94000DC873 /* NBNovelBox.mm */,
				5BA976031A42DEA9000DC873 /* NBPageViewController */,
			);
			path = NBNovelBox;
			sourceTree = "<group>";
		};
		5BA973B01A42D72B000DC873 /* NBNovelBoxTests */ = {
			isa = PBXGroup;
			children = (
				5BA976891A42E20B000DC873 /* TestSource */,
				5BA973B11A42D72B000DC873 /* Supporting Files */,
			);
			path = NBNovelBoxTests;
			sourceTree = "<group>";
		};
		5BA973B11A42D72B000DC873 /* Supporting Files */ = {
			isa = PBXGroup;
			children = (
				5BA973B21A42D72B000DC873 /* Info.plist */,
			);
			name = "Supporting Files";
			sourceTree = "<group>";
		};
		5BA976031A42DEA9000DC873 /* NBPageViewController */ = {
			isa = PBXGroup;
			children = (
				5BA976041A42DEA9000DC873 /* NBPageViewController.h */,
				5BA976051A42DEA9000DC873 /* NBPageViewController.mm */,
				5BA976061A42DEA9000DC873 /* PageViewController */,
			);
			path = NBPageViewController;
			sourceTree = "<group>";
		};
		5BA976061A42DEA9000DC873 /* PageViewController */ = {
			isa = PBXGroup;
			children = (
				5BA976731A42E070000DC873 /* ContentViewController.h */,
				5BA976741A42E070000DC873 /* ContentViewController.mm */,
				5BA976761A42E07F000DC873 /* NBBookLayoutConfig */,
				5BA976791A42E07F000DC873 /* NBPageInfo */,
				5BA9767C1A42E07F000DC873 /* PageSplitRender.h */,
				5BA9767D1A42E07F000DC873 /* PageSplitRender.mm */,
				5BA9767E1A42E07F000DC873 /* PageView.h */,
				5BA9767F1A42E07F000DC873 /* PageView.m */,
				5BA976801A42E07F000DC873 /* PageViewCache.h */,
				5BA976811A42E07F000DC873 /* PageViewCache.m */,
			);
			path = PageViewController;
			sourceTree = "<group>";
		};
		5BA9761C1A42DEF0000DC873 /* Frameworks */ = {
			isa = PBXGroup;
			children = (
				5BA976711A42DFC6000DC873 /* UIKit.framework */,
			);
			name = Frameworks;
			sourceTree = "<group>";
		};
		5BA976761A42E07F000DC873 /* NBBookLayoutConfig */ = {
			isa = PBXGroup;
			children = (
				5BA976771A42E07F000DC873 /* NBBookLayoutConfig.h */,
				5BA976781A42E07F000DC873 /* NBBookLayoutConfig.mm */,
			);
			path = NBBookLayoutConfig;
			sourceTree = "<group>";
		};
		5BA976791A42E07F000DC873 /* NBPageInfo */ = {
			isa = PBXGroup;
			children = (
				5BA9767A1A42E07F000DC873 /* NBPageItem.h */,
				5BA9767B1A42E07F000DC873 /* NBPageItem.m */,
			);
			path = NBPageInfo;
			sourceTree = "<group>";
		};
		5BA976891A42E20B000DC873 /* TestSource */ = {
			isa = PBXGroup;
			children = (
				5BA9768A1A42E20B000DC873 /* NBDataModelMocks */,
			);
			path = TestSource;
			sourceTree = "<group>";
		};
		5BA9768A1A42E20B000DC873 /* NBDataModelMocks */ = {
			isa = PBXGroup;
			children = (
				5BA9768B1A42E20B000DC873 /* NBDataMockInterface.h */,
				5BA9768C1A42E20B000DC873 /* NBDataMockInterface.mm */,
				5BA9768D1A42E20B000DC873 /* NBMockChapterContent.h */,
				5BA9768E1A42E20B000DC873 /* NBMockChapterContent.mm */,
			);
			path = NBDataModelMocks;
			sourceTree = "<group>";
		};
/* End PBXGroup section */

/* Begin PBXNativeTarget section */
		5BA973A01A42D72B000DC873 /* NBNovelBox */ = {
			isa = PBXNativeTarget;
			buildConfigurationList = 5BA973B51A42D72B000DC873 /* Build configuration list for PBXNativeTarget "NBNovelBox" */;
			buildPhases = (
				5BA9739D1A42D72B000DC873 /* Sources */,
				5BA9739E1A42D72B000DC873 /* Frameworks */,
				5BA9739F1A42D72B000DC873 /* CopyFiles */,
			);
			buildRules = (
			);
			dependencies = (
			);
			name = NBNovelBox;
			productName = NBNovelBox;
			productReference = 5BA973A11A42D72B000DC873 /* libNBNovelBox.a */;
			productType = "com.apple.product-type.library.static";
		};
		5BA973AB1A42D72B000DC873 /* NBNovelBoxTests */ = {
			isa = PBXNativeTarget;
			buildConfigurationList = 5BA973B81A42D72B000DC873 /* Build configuration list for PBXNativeTarget "NBNovelBoxTests" */;
			buildPhases = (
				5BA973A81A42D72B000DC873 /* Sources */,
				5BA973A91A42D72B000DC873 /* Frameworks */,
				5BA973AA1A42D72B000DC873 /* Resources */,
			);
			buildRules = (
			);
			dependencies = (
				5BA973AF1A42D72B000DC873 /* PBXTargetDependency */,
			);
			name = NBNovelBoxTests;
			productName = NBNovelBoxTests;
			productReference = 5BA973AC1A42D72B000DC873 /* NBNovelBoxTests.xctest */;
			productType = "com.apple.product-type.bundle.unit-test";
		};
/* End PBXNativeTarget section */

/* Begin PBXProject section */
		5BA973991A42D72B000DC873 /* Project object */ = {
			isa = PBXProject;
			attributes = {
				LastUpgradeCheck = 0610;
				ORGANIZATIONNAME = yangfs;
				TargetAttributes = {
					5BA973A01A42D72B000DC873 = {
						CreatedOnToolsVersion = 6.1.1;
					};
					5BA973AB1A42D72B000DC873 = {
						CreatedOnToolsVersion = 6.1.1;
					};
				};
			};
			buildConfigurationList = 5BA9739C1A42D72B000DC873 /* Build configuration list for PBXProject "NBNovelBox" */;
			compatibilityVersion = "Xcode 3.2";
			developmentRegion = English;
			hasScannedForEncodings = 0;
			knownRegions = (
				en,
			);
			mainGroup = 5BA973981A42D72B000DC873;
			productRefGroup = 5BA973A21A42D72B000DC873 /* Products */;
			projectDirPath = "";
			projectRoot = "";
			targets = (
				5BA973A01A42D72B000DC873 /* NBNovelBox */,
				5BA973AB1A42D72B000DC873 /* NBNovelBoxTests */,
			);
		};
/* End PBXProject section */

/* Begin PBXResourcesBuildPhase section */
		5BA973AA1A42D72B000DC873 /* Resources */ = {
			isa = PBXResourcesBuildPhase;
			buildActionMask = 2147483647;
			files = (
			);
			runOnlyForDeploymentPostprocessing = 0;
		};
/* End PBXResourcesBuildPhase section */

/* Begin PBXSourcesBuildPhase section */
		5BA9739D1A42D72B000DC873 /* Sources */ = {
			isa = PBXSourcesBuildPhase;
			buildActionMask = 2147483647;
			files = (
				5BA976821A42E07F000DC873 /* NBBookLayoutConfig.mm in Sources */,
				5BA976851A42E07F000DC873 /* PageView.m in Sources */,
				5BA975E41A42DA94000DC873 /* NBNovelBox.mm in Sources */,
				5BA976901A42E20B000DC873 /* NBMockChapterContent.mm in Sources */,
				5BA976151A42DEA9000DC873 /* NBPageViewController.mm in Sources */,
				5BA976841A42E07F000DC873 /* PageSplitRender.mm in Sources */,
				5BA976751A42E070000DC873 /* ContentViewController.mm in Sources */,
				5BA9768F1A42E20B000DC873 /* NBDataMockInterface.mm in Sources */,
				5BA976861A42E07F000DC873 /* PageViewCache.m in Sources */,
				5BA976831A42E07F000DC873 /* NBPageItem.m in Sources */,
			);
			runOnlyForDeploymentPostprocessing = 0;
		};
		5BA973A81A42D72B000DC873 /* Sources */ = {
			isa = PBXSourcesBuildPhase;
			buildActionMask = 2147483647;
			files = (
			);
			runOnlyForDeploymentPostprocessing = 0;
		};
/* End PBXSourcesBuildPhase section */

/* Begin PBXTargetDependency section */
		5BA973AF1A42D72B000DC873 /* PBXTargetDependency */ = {
			isa = PBXTargetDependency;
			target = 5BA973A01A42D72B000DC873 /* NBNovelBox */;
			targetProxy = 5BA973AE1A42D72B000DC873 /* PBXContainerItemProxy */;
		};
/* End PBXTargetDependency section */

/* Begin XCBuildConfiguration section */
		5BA973B31A42D72B000DC873 /* Debug */ = {
			isa = XCBuildConfiguration;
			buildSettings = {
				ALWAYS_SEARCH_USER_PATHS = NO;
				CLANG_CXX_LANGUAGE_STANDARD = "gnu++0x";
				CLANG_CXX_LIBRARY = "libc++";
				CLANG_ENABLE_MODULES = YES;
				CLANG_ENABLE_OBJC_ARC = NO;
				CLANG_WARN_BOOL_CONVERSION = YES;
				CLANG_WARN_CONSTANT_CONVERSION = YES;
				CLANG_WARN_DIRECT_OBJC_ISA_USAGE = YES_ERROR;
				CLANG_WARN_EMPTY_BODY = YES;
				CLANG_WARN_ENUM_CONVERSION = YES;
				CLANG_WARN_INT_CONVERSION = YES;
				CLANG_WARN_OBJC_ROOT_CLASS = YES_ERROR;
				CLANG_WARN_UNREACHABLE_CODE = YES;
				CLANG_WARN__DUPLICATE_METHOD_MATCH = YES;
				COPY_PHASE_STRIP = NO;
				ENABLE_STRICT_OBJC_MSGSEND = YES;
				GCC_C_LANGUAGE_STANDARD = gnu99;
				GCC_DYNAMIC_NO_PIC = NO;
				GCC_OPTIMIZATION_LEVEL = 0;
				GCC_PREPROCESSOR_DEFINITIONS = (
					"DEBUG=1",
					"$(inherited)",
				);
				GCC_SYMBOLS_PRIVATE_EXTERN = NO;
				GCC_WARN_64_TO_32_BIT_CONVERSION = YES;
				GCC_WARN_ABOUT_RETURN_TYPE = YES_ERROR;
				GCC_WARN_UNDECLARED_SELECTOR = YES;
				GCC_WARN_UNINITIALIZED_AUTOS = YES_AGGRESSIVE;
				GCC_WARN_UNUSED_FUNCTION = YES;
				GCC_WARN_UNUSED_VARIABLE = YES;
				IPHONEOS_DEPLOYMENT_TARGET = 6.0;
				MTL_ENABLE_DEBUG_INFO = YES;
				ONLY_ACTIVE_ARCH = YES;
				SDKROOT = iphoneos;
			};
			name = Debug;
		};
		5BA973B41A42D72B000DC873 /* Release */ = {
			isa = XCBuildConfiguration;
			buildSettings = {
				ALWAYS_SEARCH_USER_PATHS = NO;
				CLANG_CXX_LANGUAGE_STANDARD = "gnu++0x";
				CLANG_CXX_LIBRARY = "libc++";
				CLANG_ENABLE_MODULES = YES;
				CLANG_ENABLE_OBJC_ARC = NO;
				CLANG_WARN_BOOL_CONVERSION = YES;
				CLANG_WARN_CONSTANT_CONVERSION = YES;
				CLANG_WARN_DIRECT_OBJC_ISA_USAGE = YES_ERROR;
				CLANG_WARN_EMPTY_BODY = YES;
				CLANG_WARN_ENUM_CONVERSION = YES;
				CLANG_WARN_INT_CONVERSION = YES;
				CLANG_WARN_OBJC_ROOT_CLASS = YES_ERROR;
				CLANG_WARN_UNREACHABLE_CODE = YES;
				CLANG_WARN__DUPLICATE_METHOD_MATCH = YES;
				COPY_PHASE_STRIP = YES;
				ENABLE_NS_ASSERTIONS = NO;
				ENABLE_STRICT_OBJC_MSGSEND = YES;
				GCC_C_LANGUAGE_STANDARD = gnu99;
				GCC_WARN_64_TO_32_BIT_CONVERSION = YES;
				GCC_WARN_ABOUT_RETURN_TYPE = YES_ERROR;
				GCC_WARN_UNDECLARED_SELECTOR = YES;
				GCC_WARN_UNINITIALIZED_AUTOS = YES_AGGRESSIVE;
				GCC_WARN_UNUSED_FUNCTION = YES;
				GCC_WARN_UNUSED_VARIABLE = YES;
				IPHONEOS_DEPLOYMENT_TARGET = 6.0;
				MTL_ENABLE_DEBUG_INFO = NO;
				ONLY_ACTIVE_ARCH = YES;
				SDKROOT = iphoneos;
				VALIDATE_PRODUCT = YES;
			};
			name = Release;
		};
		5BA973B61A42D72B000DC873 /* Debug */ = {
			isa = XCBuildConfiguration;
			buildSettings = {
				IPHONEOS_DEPLOYMENT_TARGET = 6.0;
				OTHER_LDFLAGS = "-ObjC";
				PRODUCT_NAME = "$(TARGET_NAME)";
				SKIP_INSTALL = YES;
			};
			name = Debug;
		};
		5BA973B71A42D72B000DC873 /* Release */ = {
			isa = XCBuildConfiguration;
			buildSettings = {
				IPHONEOS_DEPLOYMENT_TARGET = 6.0;
				OTHER_LDFLAGS = "-ObjC";
				PRODUCT_NAME = "$(TARGET_NAME)";
				SKIP_INSTALL = YES;
			};
			name = Release;
		};
		5BA973B91A42D72B000DC873 /* Debug */ = {
			isa = XCBuildConfiguration;
			buildSettings = {
				FRAMEWORK_SEARCH_PATHS = (
					"$(SDKROOT)/Developer/Library/Frameworks",
					"$(inherited)",
				);
				GCC_PREPROCESSOR_DEFINITIONS = (
					"DEBUG=1",
					"$(inherited)",
				);
				INFOPLIST_FILE = NBNovelBoxTests/Info.plist;
				LD_RUNPATH_SEARCH_PATHS = "$(inherited) @executable_path/Frameworks @loader_path/Frameworks";
				PRODUCT_NAME = "$(TARGET_NAME)";
			};
			name = Debug;
		};
		5BA973BA1A42D72B000DC873 /* Release */ = {
			isa = XCBuildConfiguration;
			buildSettings = {
				FRAMEWORK_SEARCH_PATHS = (
					"$(SDKROOT)/Developer/Library/Frameworks",
					"$(inherited)",
				);
				INFOPLIST_FILE = NBNovelBoxTests/Info.plist;
				LD_RUNPATH_SEARCH_PATHS = "$(inherited) @executable_path/Frameworks @loader_path/Frameworks";
				PRODUCT_NAME = "$(TARGET_NAME)";
			};
			name = Release;
		};
/* End XCBuildConfiguration section */

/* Begin XCConfigurationList section */
		5BA9739C1A42D72B000DC873 /* Build configuration list for PBXProject "NBNovelBox" */ = {
			isa = XCConfigurationList;
			buildConfigurations = (
				5BA973B31A42D72B000DC873 /* Debug */,
				5BA973B41A42D72B000DC873 /* Release */,
			);
			defaultConfigurationIsVisible = 0;
			defaultConfigurationName = Release;
		};
		5BA973B51A42D72B000DC873 /* Build configuration list for PBXNativeTarget "NBNovelBox" */ = {
			isa = XCConfigurationList;
			buildConfigurations = (
				5BA973B61A42D72B000DC873 /* Debug */,
				5BA973B71A42D72B000DC873 /* Release */,
			);
			defaultConfigurationIsVisible = 0;
			defaultConfigurationName = Release;
		};
		5BA973B81A42D72B000DC873 /* Build configuration list for PBXNativeTarget "NBNovelBoxTests" */ = {
			isa = XCConfigurationList;
			buildConfigurations = (
				5BA973B91A42D72B000DC873 /* Debug */,
				5BA973BA1A42D72B000DC873 /* Release */,
			);
			defaultConfigurationIsVisible = 0;
			defaultConfigurationName = Release;
		};
/* End XCConfigurationList section */
	};
	rootObject = 5BA973991A42D72B000DC873 /* Project object */;
}
