// !$*UTF8*$!
{
	archiveVersion = 1;
	classes = {
	};
	objectVersion = 46;
	objects = {

/* Begin PBXBuildFile section */
		5B195F0C1999B39B009562C3 /* CoreText.framework in Frameworks */ = {isa = PBXBuildFile; fileRef = 5B195F0B1999B39B009562C3 /* CoreText.framework */; };
		5B60422F1A400424002B0A81 /* PageSplitRender.mm in Sources */ = {isa = PBXBuildFile; fileRef = 5B60422E1A400424002B0A81 /* PageSplitRender.mm */; };
		5B6042331A400460002B0A81 /* NBBookLayoutConfig.mm in Sources */ = {isa = PBXBuildFile; fileRef = 5B6042321A400460002B0A81 /* NBBookLayoutConfig.mm */; };
		5B6042371A400554002B0A81 /* NBPageItem.m in Sources */ = {isa = PBXBuildFile; fileRef = 5B6042361A400554002B0A81 /* NBPageItem.m */; };
		5B60423B1A400819002B0A81 /* NBMockChapterContent.mm in Sources */ = {isa = PBXBuildFile; fileRef = 5B60423A1A400819002B0A81 /* NBMockChapterContent.mm */; };
		5B60423C1A400819002B0A81 /* NBMockChapterContent.mm in Sources */ = {isa = PBXBuildFile; fileRef = 5B60423A1A400819002B0A81 /* NBMockChapterContent.mm */; };
		5B60423F1A400876002B0A81 /* NBDataMockInterface.mm in Sources */ = {isa = PBXBuildFile; fileRef = 5B60423E1A400876002B0A81 /* NBDataMockInterface.mm */; };
		5B6042401A400876002B0A81 /* NBDataMockInterface.mm in Sources */ = {isa = PBXBuildFile; fileRef = 5B60423E1A400876002B0A81 /* NBDataMockInterface.mm */; };
		5B94F1F9198A3735003ABA9A /* Default-568h@2x.png in Resources */ = {isa = PBXBuildFile; fileRef = 5B94F1F8198A3735003ABA9A /* Default-568h@2x.png */; };
		5B94F1FD198A3774003ABA9A /* HardCodeData in Resources */ = {isa = PBXBuildFile; fileRef = 5B94F1FC198A3774003ABA9A /* HardCodeData */; };
		5B9E3D291980E8CB00572FA1 /* ContentViewController.mm in Sources */ = {isa = PBXBuildFile; fileRef = 5B9E3D281980E8CB00572FA1 /* ContentViewController.mm */; };
		5B9E3D2E1980EB9400572FA1 /* PageView.m in Sources */ = {isa = PBXBuildFile; fileRef = 5B9E3D2B1980EB9400572FA1 /* PageView.m */; };
		5B9E3D2F1980EB9400572FA1 /* PageViewCache.m in Sources */ = {isa = PBXBuildFile; fileRef = 5B9E3D2D1980EB9400572FA1 /* PageViewCache.m */; };
		CB9B18C314A9D2B500C15033 /* UIKit.framework in Frameworks */ = {isa = PBXBuildFile; fileRef = CB9B18C214A9D2B500C15033 /* UIKit.framework */; };
		CB9B18C514A9D2B500C15033 /* Foundation.framework in Frameworks */ = {isa = PBXBuildFile; fileRef = CB9B18C414A9D2B500C15033 /* Foundation.framework */; };
		CB9B18C714A9D2B500C15033 /* CoreGraphics.framework in Frameworks */ = {isa = PBXBuildFile; fileRef = CB9B18C614A9D2B500C15033 /* CoreGraphics.framework */; };
		CB9B18CD14A9D2B600C15033 /* InfoPlist.strings in Resources */ = {isa = PBXBuildFile; fileRef = CB9B18CB14A9D2B600C15033 /* InfoPlist.strings */; };
		CB9B18CF14A9D2B600C15033 /* main.m in Sources */ = {isa = PBXBuildFile; fileRef = CB9B18CE14A9D2B600C15033 /* main.m */; };
		CB9B18D314A9D2B600C15033 /* AppDelegate.m in Sources */ = {isa = PBXBuildFile; fileRef = CB9B18D214A9D2B600C15033 /* AppDelegate.m */; };
		CB9B18D614A9D2B600C15033 /* NBPageViewController.mm in Sources */ = {isa = PBXBuildFile; fileRef = CB9B18D514A9D2B600C15033 /* NBPageViewController.mm */; };
		CB9B18E114A9D2B600C15033 /* SenTestingKit.framework in Frameworks */ = {isa = PBXBuildFile; fileRef = CB9B18E014A9D2B600C15033 /* SenTestingKit.framework */; };
		CB9B18E214A9D2B600C15033 /* UIKit.framework in Frameworks */ = {isa = PBXBuildFile; fileRef = CB9B18C214A9D2B500C15033 /* UIKit.framework */; };
		CB9B18E314A9D2B600C15033 /* Foundation.framework in Frameworks */ = {isa = PBXBuildFile; fileRef = CB9B18C414A9D2B500C15033 /* Foundation.framework */; };
		CB9B18EB14A9D2B600C15033 /* InfoPlist.strings in Resources */ = {isa = PBXBuildFile; fileRef = CB9B18E914A9D2B600C15033 /* InfoPlist.strings */; };
		CB9B18EE14A9D2B600C15033 /* pageDemoTests.m in Sources */ = {isa = PBXBuildFile; fileRef = CB9B18ED14A9D2B600C15033 /* pageDemoTests.m */; };
/* End PBXBuildFile section */

/* Begin PBXContainerItemProxy section */
		CB9B18E414A9D2B600C15033 /* PBXContainerItemProxy */ = {
			isa = PBXContainerItemProxy;
			containerPortal = CB9B18B514A9D2B500C15033 /* Project object */;
			proxyType = 1;
			remoteGlobalIDString = CB9B18BD14A9D2B500C15033;
			remoteInfo = pageDemo;
		};
/* End PBXContainerItemProxy section */

/* Begin PBXFileReference section */
		5B195F0B1999B39B009562C3 /* CoreText.framework */ = {isa = PBXFileReference; lastKnownFileType = wrapper.framework; name = CoreText.framework; path = System/Library/Frameworks/CoreText.framework; sourceTree = SDKROOT; };
		5B60422D1A400424002B0A81 /* PageSplitRender.h */ = {isa = PBXFileReference; fileEncoding = 4; lastKnownFileType = sourcecode.c.h; path = PageSplitRender.h; sourceTree = "<group>"; };
		5B60422E1A400424002B0A81 /* PageSplitRender.mm */ = {isa = PBXFileReference; fileEncoding = 4; lastKnownFileType = sourcecode.cpp.objcpp; path = PageSplitRender.mm; sourceTree = "<group>"; };
		5B6042311A400460002B0A81 /* NBBookLayoutConfig.h */ = {isa = PBXFileReference; fileEncoding = 4; lastKnownFileType = sourcecode.c.h; path = NBBookLayoutConfig.h; sourceTree = "<group>"; };
		5B6042321A400460002B0A81 /* NBBookLayoutConfig.mm */ = {isa = PBXFileReference; fileEncoding = 4; lastKnownFileType = sourcecode.cpp.objcpp; path = NBBookLayoutConfig.mm; sourceTree = "<group>"; };
		5B6042351A400554002B0A81 /* NBPageItem.h */ = {isa = PBXFileReference; fileEncoding = 4; lastKnownFileType = sourcecode.c.h; path = NBPageItem.h; sourceTree = "<group>"; };
		5B6042361A400554002B0A81 /* NBPageItem.m */ = {isa = PBXFileReference; fileEncoding = 4; lastKnownFileType = sourcecode.c.objc; path = NBPageItem.m; sourceTree = "<group>"; };
		5B6042391A400819002B0A81 /* NBMockChapterContent.h */ = {isa = PBXFileReference; fileEncoding = 4; lastKnownFileType = sourcecode.c.h; path = NBMockChapterContent.h; sourceTree = "<group>"; };
		5B60423A1A400819002B0A81 /* NBMockChapterContent.mm */ = {isa = PBXFileReference; fileEncoding = 4; lastKnownFileType = sourcecode.cpp.objcpp; path = NBMockChapterContent.mm; sourceTree = "<group>"; };
		5B60423D1A400876002B0A81 /* NBDataMockInterface.h */ = {isa = PBXFileReference; fileEncoding = 4; lastKnownFileType = sourcecode.c.h; path = NBDataMockInterface.h; sourceTree = "<group>"; };
		5B60423E1A400876002B0A81 /* NBDataMockInterface.mm */ = {isa = PBXFileReference; fileEncoding = 4; lastKnownFileType = sourcecode.cpp.objcpp; path = NBDataMockInterface.mm; sourceTree = "<group>"; };
		5B94F1F8198A3735003ABA9A /* Default-568h@2x.png */ = {isa = PBXFileReference; lastKnownFileType = image.png; path = "Default-568h@2x.png"; sourceTree = "<group>"; };
		5B94F1FC198A3774003ABA9A /* HardCodeData */ = {isa = PBXFileReference; lastKnownFileType = folder; path = HardCodeData; sourceTree = "<group>"; };
		5B9E3D271980E8CB00572FA1 /* ContentViewController.h */ = {isa = PBXFileReference; fileEncoding = 4; lastKnownFileType = sourcecode.c.h; path = ContentViewController.h; sourceTree = "<group>"; };
		5B9E3D281980E8CB00572FA1 /* ContentViewController.mm */ = {isa = PBXFileReference; fileEncoding = 4; lastKnownFileType = sourcecode.cpp.objcpp; path = ContentViewController.mm; sourceTree = "<group>"; };
		5B9E3D2A1980EB9400572FA1 /* PageView.h */ = {isa = PBXFileReference; fileEncoding = 4; lastKnownFileType = sourcecode.c.h; path = PageView.h; sourceTree = "<group>"; };
		5B9E3D2B1980EB9400572FA1 /* PageView.m */ = {isa = PBXFileReference; fileEncoding = 4; lastKnownFileType = sourcecode.c.objc; path = PageView.m; sourceTree = "<group>"; };
		5B9E3D2C1980EB9400572FA1 /* PageViewCache.h */ = {isa = PBXFileReference; fileEncoding = 4; lastKnownFileType = sourcecode.c.h; path = PageViewCache.h; sourceTree = "<group>"; };
		5B9E3D2D1980EB9400572FA1 /* PageViewCache.m */ = {isa = PBXFileReference; fileEncoding = 4; lastKnownFileType = sourcecode.c.objc; path = PageViewCache.m; sourceTree = "<group>"; };
		CB9B18BE14A9D2B500C15033 /* pageDemo.app */ = {isa = PBXFileReference; explicitFileType = wrapper.application; includeInIndex = 0; path = pageDemo.app; sourceTree = BUILT_PRODUCTS_DIR; };
		CB9B18C214A9D2B500C15033 /* UIKit.framework */ = {isa = PBXFileReference; lastKnownFileType = wrapper.framework; name = UIKit.framework; path = System/Library/Frameworks/UIKit.framework; sourceTree = SDKROOT; };
		CB9B18C414A9D2B500C15033 /* Foundation.framework */ = {isa = PBXFileReference; lastKnownFileType = wrapper.framework; name = Foundation.framework; path = System/Library/Frameworks/Foundation.framework; sourceTree = SDKROOT; };
		CB9B18C614A9D2B500C15033 /* CoreGraphics.framework */ = {isa = PBXFileReference; lastKnownFileType = wrapper.framework; name = CoreGraphics.framework; path = System/Library/Frameworks/CoreGraphics.framework; sourceTree = SDKROOT; };
		CB9B18CA14A9D2B600C15033 /* pageDemo-Info.plist */ = {isa = PBXFileReference; lastKnownFileType = text.plist.xml; path = "pageDemo-Info.plist"; sourceTree = "<group>"; };
		CB9B18CC14A9D2B600C15033 /* en */ = {isa = PBXFileReference; lastKnownFileType = text.plist.strings; name = en; path = en.lproj/InfoPlist.strings; sourceTree = "<group>"; };
		CB9B18CE14A9D2B600C15033 /* main.m */ = {isa = PBXFileReference; lastKnownFileType = sourcecode.c.objc; path = main.m; sourceTree = "<group>"; };
		CB9B18D014A9D2B600C15033 /* pageDemo-Prefix.pch */ = {isa = PBXFileReference; lastKnownFileType = sourcecode.c.h; path = "pageDemo-Prefix.pch"; sourceTree = "<group>"; };
		CB9B18D114A9D2B600C15033 /* AppDelegate.h */ = {isa = PBXFileReference; lastKnownFileType = sourcecode.c.h; path = AppDelegate.h; sourceTree = "<group>"; };
		CB9B18D214A9D2B600C15033 /* AppDelegate.m */ = {isa = PBXFileReference; lastKnownFileType = sourcecode.c.objc; path = AppDelegate.m; sourceTree = "<group>"; };
		CB9B18D414A9D2B600C15033 /* NBPageViewController.h */ = {isa = PBXFileReference; lastKnownFileType = sourcecode.c.h; path = NBPageViewController.h; sourceTree = "<group>"; };
		CB9B18D514A9D2B600C15033 /* NBPageViewController.mm */ = {isa = PBXFileReference; lastKnownFileType = sourcecode.cpp.objcpp; path = NBPageViewController.mm; sourceTree = "<group>"; };
		CB9B18DF14A9D2B600C15033 /* pageDemoTests.octest */ = {isa = PBXFileReference; explicitFileType = wrapper.cfbundle; includeInIndex = 0; path = pageDemoTests.octest; sourceTree = BUILT_PRODUCTS_DIR; };
		CB9B18E014A9D2B600C15033 /* SenTestingKit.framework */ = {isa = PBXFileReference; lastKnownFileType = wrapper.framework; name = SenTestingKit.framework; path = Library/Frameworks/SenTestingKit.framework; sourceTree = DEVELOPER_DIR; };
		CB9B18E814A9D2B600C15033 /* pageDemoTests-Info.plist */ = {isa = PBXFileReference; lastKnownFileType = text.plist.xml; path = "pageDemoTests-Info.plist"; sourceTree = "<group>"; };
		CB9B18EA14A9D2B600C15033 /* en */ = {isa = PBXFileReference; lastKnownFileType = text.plist.strings; name = en; path = en.lproj/InfoPlist.strings; sourceTree = "<group>"; };
		CB9B18EC14A9D2B600C15033 /* pageDemoTests.h */ = {isa = PBXFileReference; lastKnownFileType = sourcecode.c.h; path = pageDemoTests.h; sourceTree = "<group>"; };
		CB9B18ED14A9D2B600C15033 /* pageDemoTests.m */ = {isa = PBXFileReference; lastKnownFileType = sourcecode.c.objc; path = pageDemoTests.m; sourceTree = "<group>"; };
/* End PBXFileReference section */

/* Begin PBXFrameworksBuildPhase section */
		CB9B18BB14A9D2B500C15033 /* Frameworks */ = {
			isa = PBXFrameworksBuildPhase;
			buildActionMask = 2147483647;
			files = (
				5B195F0C1999B39B009562C3 /* CoreText.framework in Frameworks */,
				CB9B18C314A9D2B500C15033 /* UIKit.framework in Frameworks */,
				CB9B18C514A9D2B500C15033 /* Foundation.framework in Frameworks */,
				CB9B18C714A9D2B500C15033 /* CoreGraphics.framework in Frameworks */,
			);
			runOnlyForDeploymentPostprocessing = 0;
		};
		CB9B18DB14A9D2B600C15033 /* Frameworks */ = {
			isa = PBXFrameworksBuildPhase;
			buildActionMask = 2147483647;
			files = (
				CB9B18E114A9D2B600C15033 /* SenTestingKit.framework in Frameworks */,
				CB9B18E214A9D2B600C15033 /* UIKit.framework in Frameworks */,
				CB9B18E314A9D2B600C15033 /* Foundation.framework in Frameworks */,
			);
			runOnlyForDeploymentPostprocessing = 0;
		};
/* End PBXFrameworksBuildPhase section */

/* Begin PBXGroup section */
		5B6042301A400460002B0A81 /* NBBookLayoutConfig */ = {
			isa = PBXGroup;
			children = (
				5B6042311A400460002B0A81 /* NBBookLayoutConfig.h */,
				5B6042321A400460002B0A81 /* NBBookLayoutConfig.mm */,
			);
			path = NBBookLayoutConfig;
			sourceTree = "<group>";
		};
		5B6042341A400554002B0A81 /* NBPageInfo */ = {
			isa = PBXGroup;
			children = (
				5B6042351A400554002B0A81 /* NBPageItem.h */,
				5B6042361A400554002B0A81 /* NBPageItem.m */,
			);
			path = NBPageInfo;
			sourceTree = "<group>";
		};
		5B6042381A400819002B0A81 /* NBDataModelMocks */ = {
			isa = PBXGroup;
			children = (
				5B60423D1A400876002B0A81 /* NBDataMockInterface.h */,
				5B60423E1A400876002B0A81 /* NBDataMockInterface.mm */,
				5B6042391A400819002B0A81 /* NBMockChapterContent.h */,
				5B60423A1A400819002B0A81 /* NBMockChapterContent.mm */,
			);
			path = NBDataModelMocks;
			sourceTree = "<group>";
		};
		5B9E3D261980E8CB00572FA1 /* PageViewController */ = {
			isa = PBXGroup;
			children = (
				5B9E3D271980E8CB00572FA1 /* ContentViewController.h */,
				5B9E3D281980E8CB00572FA1 /* ContentViewController.mm */,
				5B9E3D2A1980EB9400572FA1 /* PageView.h */,
				5B9E3D2B1980EB9400572FA1 /* PageView.m */,
				5B9E3D2C1980EB9400572FA1 /* PageViewCache.h */,
				5B9E3D2D1980EB9400572FA1 /* PageViewCache.m */,
				5B60422D1A400424002B0A81 /* PageSplitRender.h */,
				5B60422E1A400424002B0A81 /* PageSplitRender.mm */,
				5B6042341A400554002B0A81 /* NBPageInfo */,
				5B6042301A400460002B0A81 /* NBBookLayoutConfig */,
			);
			path = PageViewController;
			sourceTree = "<group>";
		};
		CB9B18B314A9D2B500C15033 = {
			isa = PBXGroup;
			children = (
				5B94F1F8198A3735003ABA9A /* Default-568h@2x.png */,
				CB9B18C814A9D2B600C15033 /* pageDemo */,
				CB9B18E614A9D2B600C15033 /* pageDemoTests */,
				CB9B18C114A9D2B500C15033 /* Frameworks */,
				CB9B18BF14A9D2B500C15033 /* Products */,
			);
			sourceTree = "<group>";
		};
		CB9B18BF14A9D2B500C15033 /* Products */ = {
			isa = PBXGroup;
			children = (
				CB9B18BE14A9D2B500C15033 /* pageDemo.app */,
				CB9B18DF14A9D2B600C15033 /* pageDemoTests.octest */,
			);
			name = Products;
			sourceTree = "<group>";
		};
		CB9B18C114A9D2B500C15033 /* Frameworks */ = {
			isa = PBXGroup;
			children = (
				5B195F0B1999B39B009562C3 /* CoreText.framework */,
				CB9B18C214A9D2B500C15033 /* UIKit.framework */,
				CB9B18C414A9D2B500C15033 /* Foundation.framework */,
				CB9B18C614A9D2B500C15033 /* CoreGraphics.framework */,
				CB9B18E014A9D2B600C15033 /* SenTestingKit.framework */,
			);
			name = Frameworks;
			sourceTree = "<group>";
		};
		CB9B18C814A9D2B600C15033 /* pageDemo */ = {
			isa = PBXGroup;
			children = (
				CB9B18D114A9D2B600C15033 /* AppDelegate.h */,
				CB9B18D214A9D2B600C15033 /* AppDelegate.m */,
				CB9B18D414A9D2B600C15033 /* NBPageViewController.h */,
				CB9B18D514A9D2B600C15033 /* NBPageViewController.mm */,
				5B9E3D261980E8CB00572FA1 /* PageViewController */,
				CB9B18C914A9D2B600C15033 /* Supporting Files */,
			);
			path = pageDemo;
			sourceTree = "<group>";
		};
		CB9B18C914A9D2B600C15033 /* Supporting Files */ = {
			isa = PBXGroup;
			children = (
				CB9B18CA14A9D2B600C15033 /* pageDemo-Info.plist */,
				CB9B18CB14A9D2B600C15033 /* InfoPlist.strings */,
				CB9B18CE14A9D2B600C15033 /* main.m */,
				CB9B18D014A9D2B600C15033 /* pageDemo-Prefix.pch */,
				5B94F1FC198A3774003ABA9A /* HardCodeData */,
			);
			name = "Supporting Files";
			sourceTree = "<group>";
		};
		CB9B18E614A9D2B600C15033 /* pageDemoTests */ = {
			isa = PBXGroup;
			children = (
				5B6042381A400819002B0A81 /* NBDataModelMocks */,
				CB9B18EC14A9D2B600C15033 /* pageDemoTests.h */,
				CB9B18ED14A9D2B600C15033 /* pageDemoTests.m */,
				CB9B18E714A9D2B600C15033 /* Supporting Files */,
			);
			path = pageDemoTests;
			sourceTree = "<group>";
		};
		CB9B18E714A9D2B600C15033 /* Supporting Files */ = {
			isa = PBXGroup;
			children = (
				CB9B18E814A9D2B600C15033 /* pageDemoTests-Info.plist */,
				CB9B18E914A9D2B600C15033 /* InfoPlist.strings */,
			);
			name = "Supporting Files";
			sourceTree = "<group>";
		};
/* End PBXGroup section */

/* Begin PBXNativeTarget section */
		CB9B18BD14A9D2B500C15033 /* pageDemo */ = {
			isa = PBXNativeTarget;
			buildConfigurationList = CB9B18F114A9D2B600C15033 /* Build configuration list for PBXNativeTarget "pageDemo" */;
			buildPhases = (
				CB9B18BA14A9D2B500C15033 /* Sources */,
				CB9B18BB14A9D2B500C15033 /* Frameworks */,
				CB9B18BC14A9D2B500C15033 /* Resources */,
			);
			buildRules = (
			);
			dependencies = (
			);
			name = pageDemo;
			productName = pageDemo;
			productReference = CB9B18BE14A9D2B500C15033 /* pageDemo.app */;
			productType = "com.apple.product-type.application";
		};
		CB9B18DE14A9D2B600C15033 /* pageDemoTests */ = {
			isa = PBXNativeTarget;
			buildConfigurationList = CB9B18F414A9D2B600C15033 /* Build configuration list for PBXNativeTarget "pageDemoTests" */;
			buildPhases = (
				CB9B18DA14A9D2B600C15033 /* Sources */,
				CB9B18DB14A9D2B600C15033 /* Frameworks */,
				CB9B18DC14A9D2B600C15033 /* Resources */,
				CB9B18DD14A9D2B600C15033 /* ShellScript */,
			);
			buildRules = (
			);
			dependencies = (
				CB9B18E514A9D2B600C15033 /* PBXTargetDependency */,
			);
			name = pageDemoTests;
			productName = pageDemoTests;
			productReference = CB9B18DF14A9D2B600C15033 /* pageDemoTests.octest */;
			productType = "com.apple.product-type.bundle.ocunit-test";
		};
/* End PBXNativeTarget section */

/* Begin PBXProject section */
		CB9B18B514A9D2B500C15033 /* Project object */ = {
			isa = PBXProject;
			attributes = {
				LastUpgradeCheck = 0420;
				ORGANIZATIONNAME = none;
			};
			buildConfigurationList = CB9B18B814A9D2B500C15033 /* Build configuration list for PBXProject "pageDemo" */;
			compatibilityVersion = "Xcode 3.2";
			developmentRegion = English;
			hasScannedForEncodings = 0;
			knownRegions = (
				en,
			);
			mainGroup = CB9B18B314A9D2B500C15033;
			productRefGroup = CB9B18BF14A9D2B500C15033 /* Products */;
			projectDirPath = "";
			projectRoot = "";
			targets = (
				CB9B18BD14A9D2B500C15033 /* pageDemo */,
				CB9B18DE14A9D2B600C15033 /* pageDemoTests */,
			);
		};
/* End PBXProject section */

/* Begin PBXResourcesBuildPhase section */
		CB9B18BC14A9D2B500C15033 /* Resources */ = {
			isa = PBXResourcesBuildPhase;
			buildActionMask = 2147483647;
			files = (
				5B94F1FD198A3774003ABA9A /* HardCodeData in Resources */,
				CB9B18CD14A9D2B600C15033 /* InfoPlist.strings in Resources */,
				5B94F1F9198A3735003ABA9A /* Default-568h@2x.png in Resources */,
			);
			runOnlyForDeploymentPostprocessing = 0;
		};
		CB9B18DC14A9D2B600C15033 /* Resources */ = {
			isa = PBXResourcesBuildPhase;
			buildActionMask = 2147483647;
			files = (
				CB9B18EB14A9D2B600C15033 /* InfoPlist.strings in Resources */,
			);
			runOnlyForDeploymentPostprocessing = 0;
		};
/* End PBXResourcesBuildPhase section */

/* Begin PBXShellScriptBuildPhase section */
		CB9B18DD14A9D2B600C15033 /* ShellScript */ = {
			isa = PBXShellScriptBuildPhase;
			buildActionMask = 2147483647;
			files = (
			);
			inputPaths = (
			);
			outputPaths = (
			);
			runOnlyForDeploymentPostprocessing = 0;
			shellPath = /bin/sh;
			shellScript = "# Run the unit tests in this test bundle.\n\"${SYSTEM_DEVELOPER_DIR}/Tools/RunUnitTests\"\n";
		};
/* End PBXShellScriptBuildPhase section */

/* Begin PBXSourcesBuildPhase section */
		CB9B18BA14A9D2B500C15033 /* Sources */ = {
			isa = PBXSourcesBuildPhase;
			buildActionMask = 2147483647;
			files = (
				5B60423F1A400876002B0A81 /* NBDataMockInterface.mm in Sources */,
				CB9B18CF14A9D2B600C15033 /* main.m in Sources */,
				CB9B18D314A9D2B600C15033 /* AppDelegate.m in Sources */,
				5B9E3D291980E8CB00572FA1 /* ContentViewController.mm in Sources */,
				5B60423B1A400819002B0A81 /* NBMockChapterContent.mm in Sources */,
				5B6042371A400554002B0A81 /* NBPageItem.m in Sources */,
				5B60422F1A400424002B0A81 /* PageSplitRender.mm in Sources */,
				5B6042331A400460002B0A81 /* NBBookLayoutConfig.mm in Sources */,
				CB9B18D614A9D2B600C15033 /* NBPageViewController.mm in Sources */,
				5B9E3D2F1980EB9400572FA1 /* PageViewCache.m in Sources */,
				5B9E3D2E1980EB9400572FA1 /* PageView.m in Sources */,
			);
			runOnlyForDeploymentPostprocessing = 0;
		};
		CB9B18DA14A9D2B600C15033 /* Sources */ = {
			isa = PBXSourcesBuildPhase;
			buildActionMask = 2147483647;
			files = (
				5B6042401A400876002B0A81 /* NBDataMockInterface.mm in Sources */,
				CB9B18EE14A9D2B600C15033 /* pageDemoTests.m in Sources */,
				5B60423C1A400819002B0A81 /* NBMockChapterContent.mm in Sources */,
			);
			runOnlyForDeploymentPostprocessing = 0;
		};
/* End PBXSourcesBuildPhase section */

/* Begin PBXTargetDependency section */
		CB9B18E514A9D2B600C15033 /* PBXTargetDependency */ = {
			isa = PBXTargetDependency;
			target = CB9B18BD14A9D2B500C15033 /* pageDemo */;
			targetProxy = CB9B18E414A9D2B600C15033 /* PBXContainerItemProxy */;
		};
/* End PBXTargetDependency section */

/* Begin PBXVariantGroup section */
		CB9B18CB14A9D2B600C15033 /* InfoPlist.strings */ = {
			isa = PBXVariantGroup;
			children = (
				CB9B18CC14A9D2B600C15033 /* en */,
			);
			name = InfoPlist.strings;
			sourceTree = "<group>";
		};
		CB9B18E914A9D2B600C15033 /* InfoPlist.strings */ = {
			isa = PBXVariantGroup;
			children = (
				CB9B18EA14A9D2B600C15033 /* en */,
			);
			name = InfoPlist.strings;
			sourceTree = "<group>";
		};
/* End PBXVariantGroup section */

/* Begin XCBuildConfiguration section */
		CB9B18EF14A9D2B600C15033 /* Debug */ = {
			isa = XCBuildConfiguration;
			buildSettings = {
				ALWAYS_SEARCH_USER_PATHS = NO;
				ARCHS = "$(ARCHS_STANDARD_32_BIT)";
				"CODE_SIGN_IDENTITY[sdk=iphoneos*]" = "iPhone Developer";
				COPY_PHASE_STRIP = NO;
				GCC_C_LANGUAGE_STANDARD = gnu99;
				GCC_DYNAMIC_NO_PIC = NO;
				GCC_OPTIMIZATION_LEVEL = 0;
				GCC_PREPROCESSOR_DEFINITIONS = (
					"DEBUG=1",
					"$(inherited)",
				);
				GCC_SYMBOLS_PRIVATE_EXTERN = NO;
				GCC_VERSION = com.apple.compilers.llvm.clang.1_0;
				GCC_WARN_ABOUT_MISSING_PROTOTYPES = YES;
				GCC_WARN_ABOUT_RETURN_TYPE = YES;
				GCC_WARN_UNUSED_VARIABLE = YES;
				IPHONEOS_DEPLOYMENT_TARGET = 5.0;
				SDKROOT = iphoneos;
			};
			name = Debug;
		};
		CB9B18F014A9D2B600C15033 /* Release */ = {
			isa = XCBuildConfiguration;
			buildSettings = {
				ALWAYS_SEARCH_USER_PATHS = NO;
				ARCHS = "$(ARCHS_STANDARD_32_BIT)";
				"CODE_SIGN_IDENTITY[sdk=iphoneos*]" = "iPhone Developer";
				COPY_PHASE_STRIP = YES;
				GCC_C_LANGUAGE_STANDARD = gnu99;
				GCC_VERSION = com.apple.compilers.llvm.clang.1_0;
				GCC_WARN_ABOUT_MISSING_PROTOTYPES = YES;
				GCC_WARN_ABOUT_RETURN_TYPE = YES;
				GCC_WARN_UNUSED_VARIABLE = YES;
				IPHONEOS_DEPLOYMENT_TARGET = 5.0;
				OTHER_CFLAGS = "-DNS_BLOCK_ASSERTIONS=1";
				SDKROOT = iphoneos;
				VALIDATE_PRODUCT = YES;
			};
			name = Release;
		};
		CB9B18F214A9D2B600C15033 /* Debug */ = {
			isa = XCBuildConfiguration;
			buildSettings = {
				CODE_SIGN_IDENTITY = "iPhone Developer: yang fasheng (QRZJ36RX88)";
				GCC_PRECOMPILE_PREFIX_HEADER = YES;
				GCC_PREFIX_HEADER = "pageDemo/pageDemo-Prefix.pch";
				INFOPLIST_FILE = "pageDemo/pageDemo-Info.plist";
				PRODUCT_NAME = "$(TARGET_NAME)";
				PROVISIONING_PROFILE = "E18AEF7B-4F86-484E-AF5E-C294CA495C9C";
				WRAPPER_EXTENSION = app;
			};
			name = Debug;
		};
		CB9B18F314A9D2B600C15033 /* Release */ = {
			isa = XCBuildConfiguration;
			buildSettings = {
				CODE_SIGN_IDENTITY = "iPhone Developer: yang fasheng (QRZJ36RX88)";
				GCC_PRECOMPILE_PREFIX_HEADER = YES;
				GCC_PREFIX_HEADER = "pageDemo/pageDemo-Prefix.pch";
				INFOPLIST_FILE = "pageDemo/pageDemo-Info.plist";
				PRODUCT_NAME = "$(TARGET_NAME)";
				PROVISIONING_PROFILE = "E18AEF7B-4F86-484E-AF5E-C294CA495C9C";
				WRAPPER_EXTENSION = app;
			};
			name = Release;
		};
		CB9B18F514A9D2B600C15033 /* Debug */ = {
			isa = XCBuildConfiguration;
			buildSettings = {
				BUNDLE_LOADER = "$(BUILT_PRODUCTS_DIR)/pageDemo.app/pageDemo";
				FRAMEWORK_SEARCH_PATHS = (
					"$(SDKROOT)/Developer/Library/Frameworks",
					"$(DEVELOPER_LIBRARY_DIR)/Frameworks",
				);
				GCC_PRECOMPILE_PREFIX_HEADER = YES;
				GCC_PREFIX_HEADER = "pageDemo/pageDemo-Prefix.pch";
				INFOPLIST_FILE = "pageDemoTests/pageDemoTests-Info.plist";
				PRODUCT_NAME = "$(TARGET_NAME)";
				TEST_HOST = "$(BUNDLE_LOADER)";
				WRAPPER_EXTENSION = octest;
			};
			name = Debug;
		};
		CB9B18F614A9D2B600C15033 /* Release */ = {
			isa = XCBuildConfiguration;
			buildSettings = {
				BUNDLE_LOADER = "$(BUILT_PRODUCTS_DIR)/pageDemo.app/pageDemo";
				FRAMEWORK_SEARCH_PATHS = (
					"$(SDKROOT)/Developer/Library/Frameworks",
					"$(DEVELOPER_LIBRARY_DIR)/Frameworks",
				);
				GCC_PRECOMPILE_PREFIX_HEADER = YES;
				GCC_PREFIX_HEADER = "pageDemo/pageDemo-Prefix.pch";
				INFOPLIST_FILE = "pageDemoTests/pageDemoTests-Info.plist";
				PRODUCT_NAME = "$(TARGET_NAME)";
				TEST_HOST = "$(BUNDLE_LOADER)";
				WRAPPER_EXTENSION = octest;
			};
			name = Release;
		};
/* End XCBuildConfiguration section */

/* Begin XCConfigurationList section */
		CB9B18B814A9D2B500C15033 /* Build configuration list for PBXProject "pageDemo" */ = {
			isa = XCConfigurationList;
			buildConfigurations = (
				CB9B18EF14A9D2B600C15033 /* Debug */,
				CB9B18F014A9D2B600C15033 /* Release */,
			);
			defaultConfigurationIsVisible = 0;
			defaultConfigurationName = Release;
		};
		CB9B18F114A9D2B600C15033 /* Build configuration list for PBXNativeTarget "pageDemo" */ = {
			isa = XCConfigurationList;
			buildConfigurations = (
				CB9B18F214A9D2B600C15033 /* Debug */,
				CB9B18F314A9D2B600C15033 /* Release */,
			);
			defaultConfigurationIsVisible = 0;
			defaultConfigurationName = Release;
		};
		CB9B18F414A9D2B600C15033 /* Build configuration list for PBXNativeTarget "pageDemoTests" */ = {
			isa = XCConfigurationList;
			buildConfigurations = (
				CB9B18F514A9D2B600C15033 /* Debug */,
				CB9B18F614A9D2B600C15033 /* Release */,
			);
			defaultConfigurationIsVisible = 0;
			defaultConfigurationName = Release;
		};
/* End XCConfigurationList section */
	};
	rootObject = CB9B18B514A9D2B500C15033 /* Project object */;
}
