// !$*UTF8*$!
{
	archiveVersion = 1;
	classes = {
	};
	objectVersion = 46;
	objects = {

/* Begin PBXBuildFile section */
		5BA973751A42D571000DC873 /* main.m in Sources */ = {isa = PBXBuildFile; fileRef = 5BA973741A42D571000DC873 /* main.m */; };
		5BA973781A42D571000DC873 /* AppDelegate.m in Sources */ = {isa = PBXBuildFile; fileRef = 5BA973771A42D571000DC873 /* AppDelegate.m */; };
		5BA9737B1A42D571000DC873 /* ViewController.m in Sources */ = {isa = PBXBuildFile; fileRef = 5BA9737A1A42D571000DC873 /* ViewController.m */; };
		5BA9737E1A42D571000DC873 /* Main.storyboard in Resources */ = {isa = PBXBuildFile; fileRef = 5BA9737C1A42D571000DC873 /* Main.storyboard */; };
		5BA973801A42D571000DC873 /* Images.xcassets in Resources */ = {isa = PBXBuildFile; fileRef = 5BA9737F1A42D571000DC873 /* Images.xcassets */; };
		5BA973831A42D571000DC873 /* LaunchScreen.xib in Resources */ = {isa = PBXBuildFile; fileRef = 5BA973811A42D571000DC873 /* LaunchScreen.xib */; };
		5BA9738F1A42D571000DC873 /* WebkitDemoTests.m in Sources */ = {isa = PBXBuildFile; fileRef = 5BA9738E1A42D571000DC873 /* WebkitDemoTests.m */; };
		5BA975281A42DA3C000DC873 /* MainViewController.m in Sources */ = {isa = PBXBuildFile; fileRef = 5BA9742E1A42DA3B000DC873 /* MainViewController.m */; };
		5BA975321A42DA3C000DC873 /* WebkitMainPath.xcconfig in Resources */ = {isa = PBXBuildFile; fileRef = 5BA974391A42DA3B000DC873 /* WebkitMainPath.xcconfig */; };
		5BA976021A42DE1F000DC873 /* libNBNovelBox.a in Frameworks */ = {isa = PBXBuildFile; fileRef = 5BA975E01A42DA7F000DC873 /* libNBNovelBox.a */; };
		5BA976881A42E18F000DC873 /* HardCodeData in Resources */ = {isa = PBXBuildFile; fileRef = 5BA976871A42E18F000DC873 /* HardCodeData */; };
/* End PBXBuildFile section */

/* Begin PBXContainerItemProxy section */
		5BA973891A42D571000DC873 /* PBXContainerItemProxy */ = {
			isa = PBXContainerItemProxy;
			containerPortal = 5BA973671A42D571000DC873 /* Project object */;
			proxyType = 1;
			remoteGlobalIDString = 5BA9736E1A42D571000DC873;
			remoteInfo = WebkitDemo;
		};
		5BA975DF1A42DA7F000DC873 /* PBXContainerItemProxy */ = {
			isa = PBXContainerItemProxy;
			containerPortal = 5BA975DA1A42DA7F000DC873 /* NBNovelBox.xcodeproj */;
			proxyType = 2;
			remoteGlobalIDString = 5BA973A11A42D72B000DC873;
			remoteInfo = NBNovelBox;
		};
		5BA975E11A42DA7F000DC873 /* PBXContainerItemProxy */ = {
			isa = PBXContainerItemProxy;
			containerPortal = 5BA975DA1A42DA7F000DC873 /* NBNovelBox.xcodeproj */;
			proxyType = 2;
			remoteGlobalIDString = 5BA973AC1A42D72B000DC873;
			remoteInfo = NBNovelBoxTests;
		};
/* End PBXContainerItemProxy section */

/* Begin PBXFileReference section */
		5BA9736F1A42D571000DC873 /* WebkitDemo.app */ = {isa = PBXFileReference; explicitFileType = wrapper.application; includeInIndex = 0; path = WebkitDemo.app; sourceTree = BUILT_PRODUCTS_DIR; };
		5BA973731A42D571000DC873 /* Info.plist */ = {isa = PBXFileReference; lastKnownFileType = text.plist.xml; path = Info.plist; sourceTree = "<group>"; };
		5BA973741A42D571000DC873 /* main.m */ = {isa = PBXFileReference; lastKnownFileType = sourcecode.c.objc; path = main.m; sourceTree = "<group>"; };
		5BA973761A42D571000DC873 /* AppDelegate.h */ = {isa = PBXFileReference; lastKnownFileType = sourcecode.c.h; path = AppDelegate.h; sourceTree = "<group>"; };
		5BA973771A42D571000DC873 /* AppDelegate.m */ = {isa = PBXFileReference; lastKnownFileType = sourcecode.c.objc; path = AppDelegate.m; sourceTree = "<group>"; };
		5BA973791A42D571000DC873 /* ViewController.h */ = {isa = PBXFileReference; lastKnownFileType = sourcecode.c.h; path = ViewController.h; sourceTree = "<group>"; };
		5BA9737A1A42D571000DC873 /* ViewController.m */ = {isa = PBXFileReference; lastKnownFileType = sourcecode.c.objc; path = ViewController.m; sourceTree = "<group>"; };
		5BA9737D1A42D571000DC873 /* Base */ = {isa = PBXFileReference; lastKnownFileType = file.storyboard; name = Base; path = Base.lproj/Main.storyboard; sourceTree = "<group>"; };
		5BA9737F1A42D571000DC873 /* Images.xcassets */ = {isa = PBXFileReference; lastKnownFileType = folder.assetcatalog; path = Images.xcassets; sourceTree = "<group>"; };
		5BA973821A42D571000DC873 /* Base */ = {isa = PBXFileReference; lastKnownFileType = file.xib; name = Base; path = Base.lproj/LaunchScreen.xib; sourceTree = "<group>"; };
		5BA973881A42D571000DC873 /* WebkitDemoTests.xctest */ = {isa = PBXFileReference; explicitFileType = wrapper.cfbundle; includeInIndex = 0; path = WebkitDemoTests.xctest; sourceTree = BUILT_PRODUCTS_DIR; };
		5BA9738D1A42D571000DC873 /* Info.plist */ = {isa = PBXFileReference; lastKnownFileType = text.plist.xml; path = Info.plist; sourceTree = "<group>"; };
		5BA9738E1A42D571000DC873 /* WebkitDemoTests.m */ = {isa = PBXFileReference; lastKnownFileType = sourcecode.c.objc; path = WebkitDemoTests.m; sourceTree = "<group>"; };
		5BA9742D1A42DA3B000DC873 /* MainViewController.h */ = {isa = PBXFileReference; fileEncoding = 4; lastKnownFileType = sourcecode.c.h; path = MainViewController.h; sourceTree = "<group>"; };
		5BA9742E1A42DA3B000DC873 /* MainViewController.m */ = {isa = PBXFileReference; fileEncoding = 4; lastKnownFileType = sourcecode.c.objc; path = MainViewController.m; sourceTree = "<group>"; };
		5BA974391A42DA3B000DC873 /* WebkitMainPath.xcconfig */ = {isa = PBXFileReference; fileEncoding = 4; lastKnownFileType = text.xcconfig; path = WebkitMainPath.xcconfig; sourceTree = "<group>"; };
		5BA975DA1A42DA7F000DC873 /* NBNovelBox.xcodeproj */ = {isa = PBXFileReference; lastKnownFileType = "wrapper.pb-project"; path = NBNovelBox.xcodeproj; sourceTree = "<group>"; };
		5BA975E51A42DAA0000DC873 /* NBNovelBox.h */ = {isa = PBXFileReference; fileEncoding = 4; lastKnownFileType = sourcecode.c.h; name = NBNovelBox.h; path = ../SourceProjects/Projects/NBNovelBox/NBNovelBox/NBNovelBox.h; sourceTree = "<group>"; };
		5BA976871A42E18F000DC873 /* HardCodeData */ = {isa = PBXFileReference; lastKnownFileType = folder; path = HardCodeData; sourceTree = "<group>"; };
/* End PBXFileReference section */

/* Begin PBXFrameworksBuildPhase section */
		5BA9736C1A42D571000DC873 /* Frameworks */ = {
			isa = PBXFrameworksBuildPhase;
			buildActionMask = 2147483647;
			files = (
				5BA976021A42DE1F000DC873 /* libNBNovelBox.a in Frameworks */,
			);
			runOnlyForDeploymentPostprocessing = 0;
		};
		5BA973851A42D571000DC873 /* Frameworks */ = {
			isa = PBXFrameworksBuildPhase;
			buildActionMask = 2147483647;
			files = (
			);
			runOnlyForDeploymentPostprocessing = 0;
		};
/* End PBXFrameworksBuildPhase section */

/* Begin PBXGroup section */
		5BA973661A42D571000DC873 = {
			isa = PBXGroup;
			children = (
				5BA9742B1A42DA3B000DC873 /* SourceProjects */,
				5BA9745C1A42DA3B000DC873 /* TestProject */,
				5BA973711A42D571000DC873 /* WebkitDemo */,
				5BA9738B1A42D571000DC873 /* WebkitDemoTests */,
				5BA973701A42D571000DC873 /* Products */,
			);
			sourceTree = "<group>";
		};
		5BA973701A42D571000DC873 /* Products */ = {
			isa = PBXGroup;
			children = (
				5BA9736F1A42D571000DC873 /* WebkitDemo.app */,
				5BA973881A42D571000DC873 /* WebkitDemoTests.xctest */,
			);
			name = Products;
			sourceTree = "<group>";
		};
		5BA973711A42D571000DC873 /* WebkitDemo */ = {
			isa = PBXGroup;
			children = (
				5BA975E51A42DAA0000DC873 /* NBNovelBox.h */,
				5BA973761A42D571000DC873 /* AppDelegate.h */,
				5BA973771A42D571000DC873 /* AppDelegate.m */,
				5BA973791A42D571000DC873 /* ViewController.h */,
				5BA9737A1A42D571000DC873 /* ViewController.m */,
				5BA9737C1A42D571000DC873 /* Main.storyboard */,
				5BA9737F1A42D571000DC873 /* Images.xcassets */,
				5BA973811A42D571000DC873 /* LaunchScreen.xib */,
				5BA973721A42D571000DC873 /* Supporting Files */,
			);
			path = WebkitDemo;
			sourceTree = "<group>";
		};
		5BA973721A42D571000DC873 /* Supporting Files */ = {
			isa = PBXGroup;
			children = (
				5BA976871A42E18F000DC873 /* HardCodeData */,
				5BA973731A42D571000DC873 /* Info.plist */,
				5BA973741A42D571000DC873 /* main.m */,
			);
			name = "Supporting Files";
			sourceTree = "<group>";
		};
		5BA9738B1A42D571000DC873 /* WebkitDemoTests */ = {
			isa = PBXGroup;
			children = (
				5BA9738E1A42D571000DC873 /* WebkitDemoTests.m */,
				5BA9738C1A42D571000DC873 /* Supporting Files */,
			);
			path = WebkitDemoTests;
			sourceTree = "<group>";
		};
		5BA9738C1A42D571000DC873 /* Supporting Files */ = {
			isa = PBXGroup;
			children = (
				5BA9738D1A42D571000DC873 /* Info.plist */,
			);
			name = "Supporting Files";
			sourceTree = "<group>";
		};
		5BA9742B1A42DA3B000DC873 /* SourceProjects */ = {
			isa = PBXGroup;
			children = (
				5BA9742C1A42DA3B000DC873 /* MainViewController */,
				5BA9742F1A42DA3B000DC873 /* ProjectConfig */,
				5BA9743A1A42DA3B000DC873 /* Projects */,
			);
			path = SourceProjects;
			sourceTree = "<group>";
		};
		5BA9742C1A42DA3B000DC873 /* MainViewController */ = {
			isa = PBXGroup;
			children = (
				5BA9742D1A42DA3B000DC873 /* MainViewController.h */,
				5BA9742E1A42DA3B000DC873 /* MainViewController.m */,
			);
			path = MainViewController;
			sourceTree = "<group>";
		};
		5BA9742F1A42DA3B000DC873 /* ProjectConfig */ = {
			isa = PBXGroup;
			children = (
				5BA974391A42DA3B000DC873 /* WebkitMainPath.xcconfig */,
			);
			path = ProjectConfig;
			sourceTree = "<group>";
		};
		5BA9743A1A42DA3B000DC873 /* Projects */ = {
			isa = PBXGroup;
			children = (
				5BA9743B1A42DA3B000DC873 /* NBNovelBox */,
			);
			path = Projects;
			sourceTree = "<group>";
		};
		5BA9743B1A42DA3B000DC873 /* NBNovelBox */ = {
			isa = PBXGroup;
			children = (
				5BA975DA1A42DA7F000DC873 /* NBNovelBox.xcodeproj */,
			);
			path = NBNovelBox;
			sourceTree = "<group>";
		};
		5BA9745C1A42DA3B000DC873 /* TestProject */ = {
			isa = PBXGroup;
			children = (
				5BA9745D1A42DA3B000DC873 /* KIF_2_0_0 */,
				5BA975231A42DA3C000DC873 /* UITests */,
			);
			path = TestProject;
			sourceTree = "<group>";
		};
		5BA9745D1A42DA3B000DC873 /* KIF_2_0_0 */ = {
			isa = PBXGroup;
			children = (
			);
			path = KIF_2_0_0;
			sourceTree = "<group>";
		};
		5BA975231A42DA3C000DC873 /* UITests */ = {
			isa = PBXGroup;
			children = (
			);
			path = UITests;
			sourceTree = "<group>";
		};
		5BA975DB1A42DA7F000DC873 /* Products */ = {
			isa = PBXGroup;
			children = (
				5BA975E01A42DA7F000DC873 /* libNBNovelBox.a */,
				5BA975E21A42DA7F000DC873 /* NBNovelBoxTests.xctest */,
			);
			name = Products;
			sourceTree = "<group>";
		};
/* End PBXGroup section */

/* Begin PBXNativeTarget section */
		5BA9736E1A42D571000DC873 /* WebkitDemo */ = {
			isa = PBXNativeTarget;
			buildConfigurationList = 5BA973921A42D571000DC873 /* Build configuration list for PBXNativeTarget "WebkitDemo" */;
			buildPhases = (
				5BA9736B1A42D571000DC873 /* Sources */,
				5BA9736C1A42D571000DC873 /* Frameworks */,
				5BA9736D1A42D571000DC873 /* Resources */,
			);
			buildRules = (
			);
			dependencies = (
			);
			name = WebkitDemo;
			productName = WebkitDemo;
			productReference = 5BA9736F1A42D571000DC873 /* WebkitDemo.app */;
			productType = "com.apple.product-type.application";
		};
		5BA973871A42D571000DC873 /* WebkitDemoTests */ = {
			isa = PBXNativeTarget;
			buildConfigurationList = 5BA973951A42D571000DC873 /* Build configuration list for PBXNativeTarget "WebkitDemoTests" */;
			buildPhases = (
				5BA973841A42D571000DC873 /* Sources */,
				5BA973851A42D571000DC873 /* Frameworks */,
				5BA973861A42D571000DC873 /* Resources */,
			);
			buildRules = (
			);
			dependencies = (
				5BA9738A1A42D571000DC873 /* PBXTargetDependency */,
			);
			name = WebkitDemoTests;
			productName = WebkitDemoTests;
			productReference = 5BA973881A42D571000DC873 /* WebkitDemoTests.xctest */;
			productType = "com.apple.product-type.bundle.unit-test";
		};
/* End PBXNativeTarget section */

/* Begin PBXProject section */
		5BA973671A42D571000DC873 /* Project object */ = {
			isa = PBXProject;
			attributes = {
				LastUpgradeCheck = 0610;
				ORGANIZATIONNAME = yangfs;
				TargetAttributes = {
					5BA9736E1A42D571000DC873 = {
						CreatedOnToolsVersion = 6.1.1;
					};
					5BA973871A42D571000DC873 = {
						CreatedOnToolsVersion = 6.1.1;
						TestTargetID = 5BA9736E1A42D571000DC873;
					};
				};
			};
			buildConfigurationList = 5BA9736A1A42D571000DC873 /* Build configuration list for PBXProject "WebkitDemo" */;
			compatibilityVersion = "Xcode 3.2";
			developmentRegion = English;
			hasScannedForEncodings = 0;
			knownRegions = (
				en,
				Base,
			);
			mainGroup = 5BA973661A42D571000DC873;
			productRefGroup = 5BA973701A42D571000DC873 /* Products */;
			projectDirPath = "";
			projectReferences = (
				{
					ProductGroup = 5BA975DB1A42DA7F000DC873 /* Products */;
					ProjectRef = 5BA975DA1A42DA7F000DC873 /* NBNovelBox.xcodeproj */;
				},
			);
			projectRoot = "";
			targets = (
				5BA9736E1A42D571000DC873 /* WebkitDemo */,
				5BA973871A42D571000DC873 /* WebkitDemoTests */,
			);
		};
/* End PBXProject section */

/* Begin PBXReferenceProxy section */
		5BA975E01A42DA7F000DC873 /* libNBNovelBox.a */ = {
			isa = PBXReferenceProxy;
			fileType = archive.ar;
			path = libNBNovelBox.a;
			remoteRef = 5BA975DF1A42DA7F000DC873 /* PBXContainerItemProxy */;
			sourceTree = BUILT_PRODUCTS_DIR;
		};
		5BA975E21A42DA7F000DC873 /* NBNovelBoxTests.xctest */ = {
			isa = PBXReferenceProxy;
			fileType = wrapper.cfbundle;
			path = NBNovelBoxTests.xctest;
			remoteRef = 5BA975E11A42DA7F000DC873 /* PBXContainerItemProxy */;
			sourceTree = BUILT_PRODUCTS_DIR;
		};
/* End PBXReferenceProxy section */

/* Begin PBXResourcesBuildPhase section */
		5BA9736D1A42D571000DC873 /* Resources */ = {
			isa = PBXResourcesBuildPhase;
			buildActionMask = 2147483647;
			files = (
				5BA976881A42E18F000DC873 /* HardCodeData in Resources */,
				5BA9737E1A42D571000DC873 /* Main.storyboard in Resources */,
				5BA973831A42D571000DC873 /* LaunchScreen.xib in Resources */,
				5BA975321A42DA3C000DC873 /* WebkitMainPath.xcconfig in Resources */,
				5BA973801A42D571000DC873 /* Images.xcassets in Resources */,
			);
			runOnlyForDeploymentPostprocessing = 0;
		};
		5BA973861A42D571000DC873 /* Resources */ = {
			isa = PBXResourcesBuildPhase;
			buildActionMask = 2147483647;
			files = (
			);
			runOnlyForDeploymentPostprocessing = 0;
		};
/* End PBXResourcesBuildPhase section */

/* Begin PBXSourcesBuildPhase section */
		5BA9736B1A42D571000DC873 /* Sources */ = {
			isa = PBXSourcesBuildPhase;
			buildActionMask = 2147483647;
			files = (
				5BA9737B1A42D571000DC873 /* ViewController.m in Sources */,
				5BA973781A42D571000DC873 /* AppDelegate.m in Sources */,
				5BA973751A42D571000DC873 /* main.m in Sources */,
				5BA975281A42DA3C000DC873 /* MainViewController.m in Sources */,
			);
			runOnlyForDeploymentPostprocessing = 0;
		};
		5BA973841A42D571000DC873 /* Sources */ = {
			isa = PBXSourcesBuildPhase;
			buildActionMask = 2147483647;
			files = (
				5BA9738F1A42D571000DC873 /* WebkitDemoTests.m in Sources */,
			);
			runOnlyForDeploymentPostprocessing = 0;
		};
/* End PBXSourcesBuildPhase section */

/* Begin PBXTargetDependency section */
		5BA9738A1A42D571000DC873 /* PBXTargetDependency */ = {
			isa = PBXTargetDependency;
			target = 5BA9736E1A42D571000DC873 /* WebkitDemo */;
			targetProxy = 5BA973891A42D571000DC873 /* PBXContainerItemProxy */;
		};
/* End PBXTargetDependency section */

/* Begin PBXVariantGroup section */
		5BA9737C1A42D571000DC873 /* Main.storyboard */ = {
			isa = PBXVariantGroup;
			children = (
				5BA9737D1A42D571000DC873 /* Base */,
			);
			name = Main.storyboard;
			sourceTree = "<group>";
		};
		5BA973811A42D571000DC873 /* LaunchScreen.xib */ = {
			isa = PBXVariantGroup;
			children = (
				5BA973821A42D571000DC873 /* Base */,
			);
			name = LaunchScreen.xib;
			sourceTree = "<group>";
		};
/* End PBXVariantGroup section */

/* Begin XCBuildConfiguration section */
		5BA973901A42D571000DC873 /* Debug */ = {
			isa = XCBuildConfiguration;
			buildSettings = {
				ALWAYS_SEARCH_USER_PATHS = NO;
				CLANG_CXX_LANGUAGE_STANDARD = "gnu++0x";
				CLANG_CXX_LIBRARY = "libc++";
				CLANG_ENABLE_MODULES = YES;
				CLANG_ENABLE_OBJC_ARC = NO;
				CLANG_WARN_BOOL_CONVERSION = YES;
				CLANG_WARN_CONSTANT_CONVERSION = YES;
				CLANG_WARN_DIRECT_OBJC_ISA_USAGE = YES_ERROR;
				CLANG_WARN_EMPTY_BODY = YES;
				CLANG_WARN_ENUM_CONVERSION = YES;
				CLANG_WARN_INT_CONVERSION = YES;
				CLANG_WARN_OBJC_ROOT_CLASS = YES_ERROR;
				CLANG_WARN_UNREACHABLE_CODE = YES;
				CLANG_WARN__DUPLICATE_METHOD_MATCH = YES;
				CODE_SIGN_IDENTITY = "iPhone Developer";
				"CODE_SIGN_IDENTITY[sdk=iphoneos*]" = "iPhone Developer";
				COPY_PHASE_STRIP = NO;
				ENABLE_STRICT_OBJC_MSGSEND = YES;
				GCC_C_LANGUAGE_STANDARD = gnu99;
				GCC_DYNAMIC_NO_PIC = NO;
				GCC_OPTIMIZATION_LEVEL = 0;
				GCC_PREPROCESSOR_DEFINITIONS = (
					"DEBUG=1",
					"$(inherited)",
				);
				GCC_SYMBOLS_PRIVATE_EXTERN = NO;
				GCC_WARN_64_TO_32_BIT_CONVERSION = YES;
				GCC_WARN_ABOUT_RETURN_TYPE = YES_ERROR;
				GCC_WARN_UNDECLARED_SELECTOR = YES;
				GCC_WARN_UNINITIALIZED_AUTOS = YES_AGGRESSIVE;
				GCC_WARN_UNUSED_FUNCTION = YES;
				GCC_WARN_UNUSED_VARIABLE = YES;
				HEADER_SEARCH_PATHS = (
					"$(inherited)",
					/Applications/Xcode.app/Contents/Developer/Toolchains/XcodeDefault.xctoolchain/usr/include,
					"$(WD_MAIN_PATH)",
					"$(WD_HEADER_SEARCH_PATHS)",
				);
				IPHONEOS_DEPLOYMENT_TARGET = 6.0;
				MTL_ENABLE_DEBUG_INFO = YES;
				ONLY_ACTIVE_ARCH = YES;
				SDKROOT = iphoneos;
			};
			name = Debug;
		};
		5BA973911A42D571000DC873 /* Release */ = {
			isa = XCBuildConfiguration;
			buildSettings = {
				ALWAYS_SEARCH_USER_PATHS = NO;
				CLANG_CXX_LANGUAGE_STANDARD = "gnu++0x";
				CLANG_CXX_LIBRARY = "libc++";
				CLANG_ENABLE_MODULES = YES;
				CLANG_ENABLE_OBJC_ARC = NO;
				CLANG_WARN_BOOL_CONVERSION = YES;
				CLANG_WARN_CONSTANT_CONVERSION = YES;
				CLANG_WARN_DIRECT_OBJC_ISA_USAGE = YES_ERROR;
				CLANG_WARN_EMPTY_BODY = YES;
				CLANG_WARN_ENUM_CONVERSION = YES;
				CLANG_WARN_INT_CONVERSION = YES;
				CLANG_WARN_OBJC_ROOT_CLASS = YES_ERROR;
				CLANG_WARN_UNREACHABLE_CODE = YES;
				CLANG_WARN__DUPLICATE_METHOD_MATCH = YES;
				CODE_SIGN_IDENTITY = "iPhone Developer";
				"CODE_SIGN_IDENTITY[sdk=iphoneos*]" = "iPhone Developer";
				COPY_PHASE_STRIP = YES;
				ENABLE_NS_ASSERTIONS = NO;
				ENABLE_STRICT_OBJC_MSGSEND = YES;
				GCC_C_LANGUAGE_STANDARD = gnu99;
				GCC_WARN_64_TO_32_BIT_CONVERSION = YES;
				GCC_WARN_ABOUT_RETURN_TYPE = YES_ERROR;
				GCC_WARN_UNDECLARED_SELECTOR = YES;
				GCC_WARN_UNINITIALIZED_AUTOS = YES_AGGRESSIVE;
				GCC_WARN_UNUSED_FUNCTION = YES;
				GCC_WARN_UNUSED_VARIABLE = YES;
				HEADER_SEARCH_PATHS = (
					"$(inherited)",
					/Applications/Xcode.app/Contents/Developer/Toolchains/XcodeDefault.xctoolchain/usr/include,
					"$(WD_MAIN_PATH)",
					"$(WD_HEADER_SEARCH_PATHS)",
				);
				IPHONEOS_DEPLOYMENT_TARGET = 6.0;
				MTL_ENABLE_DEBUG_INFO = NO;
				ONLY_ACTIVE_ARCH = YES;
				SDKROOT = iphoneos;
				VALIDATE_PRODUCT = YES;
			};
			name = Release;
		};
		5BA973931A42D571000DC873 /* Debug */ = {
			isa = XCBuildConfiguration;
			buildSettings = {
				ASSETCATALOG_COMPILER_APPICON_NAME = AppIcon;
				CODE_SIGN_IDENTITY = "iPhone Developer";
				INFOPLIST_FILE = WebkitDemo/Info.plist;
				LD_RUNPATH_SEARCH_PATHS = "$(inherited) @executable_path/Frameworks";
				PRODUCT_NAME = "$(TARGET_NAME)";
			};
			name = Debug;
		};
		5BA973941A42D571000DC873 /* Release */ = {
			isa = XCBuildConfiguration;
			buildSettings = {
				ASSETCATALOG_COMPILER_APPICON_NAME = AppIcon;
				CODE_SIGN_IDENTITY = "iPhone Developer";
				INFOPLIST_FILE = WebkitDemo/Info.plist;
				LD_RUNPATH_SEARCH_PATHS = "$(inherited) @executable_path/Frameworks";
				PRODUCT_NAME = "$(TARGET_NAME)";
			};
			name = Release;
		};
		5BA973961A42D571000DC873 /* Debug */ = {
			isa = XCBuildConfiguration;
			buildSettings = {
				BUNDLE_LOADER = "$(TEST_HOST)";
				CODE_SIGN_IDENTITY = "iPhone Developer";
				FRAMEWORK_SEARCH_PATHS = (
					"$(SDKROOT)/Developer/Library/Frameworks",
					"$(inherited)",
				);
				GCC_PREPROCESSOR_DEFINITIONS = (
					"DEBUG=1",
					"$(inherited)",
				);
				INFOPLIST_FILE = WebkitDemoTests/Info.plist;
				LD_RUNPATH_SEARCH_PATHS = "$(inherited) @executable_path/Frameworks @loader_path/Frameworks";
				PRODUCT_NAME = "$(TARGET_NAME)";
				TEST_HOST = "$(BUILT_PRODUCTS_DIR)/WebkitDemo.app/WebkitDemo";
			};
			name = Debug;
		};
		5BA973971A42D571000DC873 /* Release */ = {
			isa = XCBuildConfiguration;
			buildSettings = {
				BUNDLE_LOADER = "$(TEST_HOST)";
				CODE_SIGN_IDENTITY = "iPhone Developer";
				FRAMEWORK_SEARCH_PATHS = (
					"$(SDKROOT)/Developer/Library/Frameworks",
					"$(inherited)",
				);
				INFOPLIST_FILE = WebkitDemoTests/Info.plist;
				LD_RUNPATH_SEARCH_PATHS = "$(inherited) @executable_path/Frameworks @loader_path/Frameworks";
				PRODUCT_NAME = "$(TARGET_NAME)";
				TEST_HOST = "$(BUILT_PRODUCTS_DIR)/WebkitDemo.app/WebkitDemo";
			};
			name = Release;
		};
/* End XCBuildConfiguration section */

/* Begin XCConfigurationList section */
		5BA9736A1A42D571000DC873 /* Build configuration list for PBXProject "WebkitDemo" */ = {
			isa = XCConfigurationList;
			buildConfigurations = (
				5BA973901A42D571000DC873 /* Debug */,
				5BA973911A42D571000DC873 /* Release */,
			);
			defaultConfigurationIsVisible = 0;
			defaultConfigurationName = Release;
		};
		5BA973921A42D571000DC873 /* Build configuration list for PBXNativeTarget "WebkitDemo" */ = {
			isa = XCConfigurationList;
			buildConfigurations = (
				5BA973931A42D571000DC873 /* Debug */,
				5BA973941A42D571000DC873 /* Release */,
			);
			defaultConfigurationIsVisible = 0;
			defaultConfigurationName = Release;
		};
		5BA973951A42D571000DC873 /* Build configuration list for PBXNativeTarget "WebkitDemoTests" */ = {
			isa = XCConfigurationList;
			buildConfigurations = (
				5BA973961A42D571000DC873 /* Debug */,
				5BA973971A42D571000DC873 /* Release */,
			);
			defaultConfigurationIsVisible = 0;
			defaultConfigurationName = Release;
		};
/* End XCConfigurationList section */
	};
	rootObject = 5BA973671A42D571000DC873 /* Project object */;
}
